
Microsoft Visual Studio Solution File, Format Version 12.00
# Visual Studio Version 17
VisualStudioVersion = 17.0.31903.59
MinimumVisualStudioVersion = 10.0.40219.1
Project("{9A19103F-16F7-4668-BE54-9A1E7A4F7556}") = "Tapo", "Tapo\Tapo.csproj", "{6F6CCC02-3B30-4D32-8A2C-4B4E27B3F1B4}"
EndProject
Project("{9A19103F-16F7-4668-BE54-9A1E7A4F7556}") = "Tapo.ConsoleTest", "Tapo.ConsoleTest\Tapo.ConsoleTest.csproj", "{37AAB45C-9E18-451E-8E1B-5D38C4E0BE38}"
EndProject
Project("{9A19103F-16F7-4668-BE54-9A1E7A4F7556}") = "Tapo.Tests", "Tapo.Tests\Tapo.Tests.csproj", "{B6CFB9F1-1B7E-4D76-9F31-2C8B2EBE9D11}"
EndProject
Global
	GlobalSection(SolutionConfigurationPlatforms) = preSolution
		Debug|Any CPU = Debug|Any CPU
		Release|Any CPU = Release|Any CPU
	EndGlobalSection
	GlobalSection(ProjectConfigurationPlatforms) = postSolution
		{6F6CCC02-3B30-4D32-8A2C-4B4E27B3F1B4}.Debug|Any CPU.ActiveCfg = Debug|Any CPU
		{6F6CCC02-3B30-4D32-8A2C-4B4E27B3F1B4}.Debug|Any CPU.Build.0 = Debug|Any CPU
		{6F6CCC02-3B30-4D32-8A2C-4B4E27B3F1B4}.Release|Any CPU.ActiveCfg = Release|Any CPU
		{6F6CCC02-3B30-4D32-8A2C-4B4E27B3F1B4}.Release|Any CPU.Build.0 = Release|Any CPU
		{37AAB45C-9E18-451E-8E1B-5D38C4E0BE38}.Debug|Any CPU.ActiveCfg = Debug|Any CPU
		{37AAB45C-9E18-451E-8E1B-5D38C4E0BE38}.Debug|Any CPU.Build.0 = Debug|Any CPU
		{37AAB45C-9E18-451E-8E1B-5D38C4E0BE38}.Release|Any CPU.ActiveCfg = Release|Any CPU
		{37AAB45C-9E18-451E-8E1B-5D38C4E0BE38}.Release|Any CPU.Build.0 = Release|Any CPU
		{B6CFB9F1-1B7E-4D76-9F31-2C8B2EBE9D11}.Debug|Any CPU.ActiveCfg = Debug|Any CPU
		{B6CFB9F1-1B7E-4D76-9F31-2C8B2EBE9D11}.Debug|Any CPU.Build.0 = Debug|Any CPU
		{B6CFB9F1-1B7E-4D76-9F31-2C8B2EBE9D11}.Release|Any CPU.ActiveCfg = Release|Any CPU
		{B6CFB9F1-1B7E-4D76-9F31-2C8B2EBE9D11}.Release|Any CPU.Build.0 = Release|Any CPU
	EndGlobalSection
	GlobalSection(SolutionProperties) = preSolution
		HideSolutionNode = FALSE
	EndGlobalSection
	GlobalSection(ExtensibilityGlobals) = postSolution
		SolutionGuid = {7E4D1F88-4B2E-4D9F-8B6A-3C5E9F1A8C12}
	EndGlobalSection
EndGlobal
